
Microsoft Visual Studio Solution File, Format Version 12.00
# Visual Studio 15
VisualStudioVersion = 15.0.27130.2010
MinimumVisualStudioVersion = 10.0.40219.1
Project("{E53339B2-1760-4266-BCC7-CA923CBCF16C}") = "docker-compose", "docker-compose.dcproj", "{27EDB670-89E0-400B-A5B9-7719423C6E16}"
EndProject
Project("{FAE04EC0-301F-11D3-BF4B-00C04F79EFBC}") = "Api", "Api\Api.csproj", "{8E2CEC1A-E7C7-4600-B808-C3111DECCD8F}"
EndProject
Global
	GlobalSection(SolutionConfigurationPlatforms) = preSolution
		Debug|Any CPU = Debug|Any CPU
		Release|Any CPU = Release|Any CPU
	EndGlobalSection
	GlobalSection(ProjectConfigurationPlatforms) = postSolution
		{27EDB670-89E0-400B-A5B9-7719423C6E16}.Debug|Any CPU.ActiveCfg = Debug|Any CPU
		{27EDB670-89E0-400B-A5B9-7719423C6E16}.Debug|Any CPU.Build.0 = Debug|Any CPU
		{27EDB670-89E0-400B-A5B9-7719423C6E16}.Release|Any CPU.ActiveCfg = Release|Any CPU
		{27EDB670-89E0-400B-A5B9-7719423C6E16}.Release|Any CPU.Build.0 = Release|Any CPU
		{8E2CEC1A-E7C7-4600-B808-C3111DECCD8F}.Debug|Any CPU.ActiveCfg = Debug|Any CPU
		{8E2CEC1A-E7C7-4600-B808-C3111DECCD8F}.Debug|Any CPU.Build.0 = Debug|Any CPU
		{8E2CEC1A-E7C7-4600-B808-C3111DECCD8F}.Release|Any CPU.ActiveCfg = Release|Any CPU
		{8E2CEC1A-E7C7-4600-B808-C3111DECCD8F}.Release|Any CPU.Build.0 = Release|Any CPU
	EndGlobalSection
	GlobalSection(SolutionProperties) = preSolution
		HideSolutionNode = FALSE
	EndGlobalSection
	GlobalSection(ExtensibilityGlobals) = postSolution
		SolutionGuid = {0779947C-72AA-4020-9EB5-0328FC44FC99}
	EndGlobalSection
EndGlobal
